
Microsoft Visual Studio Solution File, Format Version 12.00
# Visual Studio Version 17
VisualStudioVersion = 17.0.31903.59
MinimumVisualStudioVersion = 10.0.40219.1
Project("{9A19103F-16F7-4668-BE54-9A1E7A4F7556}") = "Freightmatic.Functions", "Freightmatic.Functions\Freightmatic.Functions.csproj", "{DCCEB955-EE41-4CF5-B7B5-183DFF52FEED}"
EndProject
Project("{9A19103F-16F7-4668-BE54-9A1E7A4F7556}") = "Freightmatic.Infrastructure", "Freightmatic.Infrastructure\Freightmatic.Infrastructure.csproj", "{31376B3D-1170-4C11-A1A9-4706666DCD92}"
EndProject
Project("{9A19103F-16F7-4668-BE54-9A1E7A4F7556}") = "Freightmatic.Application", "Freightmatic.Application\Freightmatic.Application.csproj", "{3881D4D8-9738-4CCE-97D2-862902C1185E}"
EndProject
Project("{9A19103F-16F7-4668-BE54-9A1E7A4F7556}") = "Freightmatic.Domain", "Freightmatic.Domain\Freightmatic.Domain.csproj", "{CDAC81F8-3A67-4D65-A8E9-B66B7897C101}"
EndProject
Project("{9A19103F-16F7-4668-BE54-9A1E7A4F7556}") = "Freightmatic.Api", "Freightmatic.Api\Freightmatic.Api.csproj", "{A8420E4A-7352-4753-B072-358A1838491C}"
EndProject
Project("{E53339B2-1760-4266-BCC7-CA923CBCF16C}") = "docker-compose", "docker-compose.dcproj", "{84240DD5-6FA8-41D5-8645-5C5926CEA977}"
EndProject
Global
	GlobalSection(SolutionConfigurationPlatforms) = preSolution
		Debug|Any CPU = Debug|Any CPU
		Release|Any CPU = Release|Any CPU
	EndGlobalSection
	GlobalSection(ProjectConfigurationPlatforms) = postSolution
		{DCCEB955-EE41-4CF5-B7B5-183DFF52FEED}.Debug|Any CPU.ActiveCfg = Debug|Any CPU
		{DCCEB955-EE41-4CF5-B7B5-183DFF52FEED}.Debug|Any CPU.Build.0 = Debug|Any CPU
		{DCCEB955-EE41-4CF5-B7B5-183DFF52FEED}.Release|Any CPU.ActiveCfg = Release|Any CPU
		{DCCEB955-EE41-4CF5-B7B5-183DFF52FEED}.Release|Any CPU.Build.0 = Release|Any CPU
		{31376B3D-1170-4C11-A1A9-4706666DCD92}.Debug|Any CPU.ActiveCfg = Debug|Any CPU
		{31376B3D-1170-4C11-A1A9-4706666DCD92}.Debug|Any CPU.Build.0 = Debug|Any CPU
		{31376B3D-1170-4C11-A1A9-4706666DCD92}.Release|Any CPU.ActiveCfg = Release|Any CPU
		{31376B3D-1170-4C11-A1A9-4706666DCD92}.Release|Any CPU.Build.0 = Release|Any CPU
		{3881D4D8-9738-4CCE-97D2-862902C1185E}.Debug|Any CPU.ActiveCfg = Debug|Any CPU
		{3881D4D8-9738-4CCE-97D2-862902C1185E}.Debug|Any CPU.Build.0 = Debug|Any CPU
		{3881D4D8-9738-4CCE-97D2-862902C1185E}.Release|Any CPU.ActiveCfg = Release|Any CPU
		{3881D4D8-9738-4CCE-97D2-862902C1185E}.Release|Any CPU.Build.0 = Release|Any CPU
		{CDAC81F8-3A67-4D65-A8E9-B66B7897C101}.Debug|Any CPU.ActiveCfg = Debug|Any CPU
		{CDAC81F8-3A67-4D65-A8E9-B66B7897C101}.Debug|Any CPU.Build.0 = Debug|Any CPU
		{CDAC81F8-3A67-4D65-A8E9-B66B7897C101}.Release|Any CPU.ActiveCfg = Release|Any CPU
		{CDAC81F8-3A67-4D65-A8E9-B66B7897C101}.Release|Any CPU.Build.0 = Release|Any CPU
		{A8420E4A-7352-4753-B072-358A1838491C}.Debug|Any CPU.ActiveCfg = Debug|Any CPU
		{A8420E4A-7352-4753-B072-358A1838491C}.Debug|Any CPU.Build.0 = Debug|Any CPU
		{A8420E4A-7352-4753-B072-358A1838491C}.Release|Any CPU.ActiveCfg = Release|Any CPU
		{A8420E4A-7352-4753-B072-358A1838491C}.Release|Any CPU.Build.0 = Release|Any CPU
		{84240DD5-6FA8-41D5-8645-5C5926CEA977}.Debug|Any CPU.ActiveCfg = Debug|Any CPU
		{84240DD5-6FA8-41D5-8645-5C5926CEA977}.Debug|Any CPU.Build.0 = Debug|Any CPU
		{84240DD5-6FA8-41D5-8645-5C5926CEA977}.Release|Any CPU.ActiveCfg = Release|Any CPU
		{84240DD5-6FA8-41D5-8645-5C5926CEA977}.Release|Any CPU.Build.0 = Release|Any CPU
	EndGlobalSection
	GlobalSection(SolutionProperties) = preSolution
		HideSolutionNode = FALSE
	EndGlobalSection
EndGlobal
